
Microsoft Visual Studio Solution File, Format Version 12.00
# Visual Studio Version 17
VisualStudioVersion = 17.1.32421.90
MinimumVisualStudioVersion = 10.0.40219.1
Project("{9A19103F-16F7-4668-BE54-9A1E7A4F7556}") = "ClubCosmopolita", "ClubCosmopolita\ClubCosmopolita.csproj", "{23D6AF0F-34A5-451F-BFBD-77E4DCC036A4}"
EndProject
Global
	GlobalSection(SolutionConfigurationPlatforms) = preSolution
		Debug|Any CPU = Debug|Any CPU
		Release|Any CPU = Release|Any CPU
	EndGlobalSection
	GlobalSection(ProjectConfigurationPlatforms) = postSolution
		{23D6AF0F-34A5-451F-BFBD-77E4DCC036A4}.Debug|Any CPU.ActiveCfg = Debug|Any CPU
		{23D6AF0F-34A5-451F-BFBD-77E4DCC036A4}.Debug|Any CPU.Build.0 = Debug|Any CPU
		{23D6AF0F-34A5-451F-BFBD-77E4DCC036A4}.Release|Any CPU.ActiveCfg = Release|Any CPU
		{23D6AF0F-34A5-451F-BFBD-77E4DCC036A4}.Release|Any CPU.Build.0 = Release|Any CPU
	EndGlobalSection
	GlobalSection(SolutionProperties) = preSolution
		HideSolutionNode = FALSE
	EndGlobalSection
	GlobalSection(ExtensibilityGlobals) = postSolution
		SolutionGuid = {C32EAE2B-0B2A-404E-8326-6C330BA199BA}
	EndGlobalSection
EndGlobal
